
Microsoft Visual Studio Solution File, Format Version 12.00
# Visual Studio Version 16
VisualStudioVersion = 16.0.31729.503
MinimumVisualStudioVersion = 10.0.40219.1
Project("{FAE04EC0-301F-11D3-BF4B-00C04F79EFBC}") = "PC_SHOP.Server", "PC_SHOP\Server\PC_SHOP.Server.csproj", "{E886DB31-B2E2-43D0-8688-8650838D98ED}"
EndProject
Project("{FAE04EC0-301F-11D3-BF4B-00C04F79EFBC}") = "PC_SHOP.Client", "PC_SHOP\Client\PC_SHOP.Client.csproj", "{1149DE0A-9C2F-4696-8D9C-6B7A9F908A74}"
EndProject
Project("{FAE04EC0-301F-11D3-BF4B-00C04F79EFBC}") = "PC_SHOP.Shared", "PC_SHOP\Shared\PC_SHOP.Shared.csproj", "{47191937-793E-49ED-90D7-BD65526F2D89}"
EndProject
Global
	GlobalSection(SolutionConfigurationPlatforms) = preSolution
		Debug|Any CPU = Debug|Any CPU
		Release|Any CPU = Release|Any CPU
	EndGlobalSection
	GlobalSection(ProjectConfigurationPlatforms) = postSolution
		{E886DB31-B2E2-43D0-8688-8650838D98ED}.Debug|Any CPU.ActiveCfg = Debug|Any CPU
		{E886DB31-B2E2-43D0-8688-8650838D98ED}.Debug|Any CPU.Build.0 = Debug|Any CPU
		{E886DB31-B2E2-43D0-8688-8650838D98ED}.Release|Any CPU.ActiveCfg = Release|Any CPU
		{E886DB31-B2E2-43D0-8688-8650838D98ED}.Release|Any CPU.Build.0 = Release|Any CPU
		{1149DE0A-9C2F-4696-8D9C-6B7A9F908A74}.Debug|Any CPU.ActiveCfg = Debug|Any CPU
		{1149DE0A-9C2F-4696-8D9C-6B7A9F908A74}.Debug|Any CPU.Build.0 = Debug|Any CPU
		{1149DE0A-9C2F-4696-8D9C-6B7A9F908A74}.Release|Any CPU.ActiveCfg = Release|Any CPU
		{1149DE0A-9C2F-4696-8D9C-6B7A9F908A74}.Release|Any CPU.Build.0 = Release|Any CPU
		{47191937-793E-49ED-90D7-BD65526F2D89}.Debug|Any CPU.ActiveCfg = Debug|Any CPU
		{47191937-793E-49ED-90D7-BD65526F2D89}.Debug|Any CPU.Build.0 = Debug|Any CPU
		{47191937-793E-49ED-90D7-BD65526F2D89}.Release|Any CPU.ActiveCfg = Release|Any CPU
		{47191937-793E-49ED-90D7-BD65526F2D89}.Release|Any CPU.Build.0 = Release|Any CPU
	EndGlobalSection
	GlobalSection(SolutionProperties) = preSolution
		HideSolutionNode = FALSE
	EndGlobalSection
	GlobalSection(ExtensibilityGlobals) = postSolution
		SolutionGuid = {D8755540-7BAC-4805-B57B-0075D807D33A}
	EndGlobalSection
EndGlobal
